// !$*UTF8*$!
{
	archiveVersion = 1;
	classes = {
	};
	objectVersion = 56;
	objects = {

/* Begin PBXBuildFile section */
		181E3AAF2AB2AD7900BA9B57 /* 午後の授業１.mp3 in Resources */ = {isa = PBXBuildFile; fileRef = 181E3AAE2AB2AD7900BA9B57 /* 午後の授業１.mp3 */; };
		181E3AB32AB2C67000BA9B57 /* 銀河鉄道の夜-優雅.mp3 in Resources */ = {isa = PBXBuildFile; fileRef = 181E3AB22AB2C67000BA9B57 /* 銀河鉄道の夜-優雅.mp3 */; };
		181E3AB72AB2C8A800BA9B57 /* 銀河鉄道の夜 タイトル読み上げ.mp4 in Resources */ = {isa = PBXBuildFile; fileRef = 181E3AB62AB2C8A700BA9B57 /* 銀河鉄道の夜 タイトル読み上げ.mp4 */; };
		188C8AF72AB08067000FCB8A /* VideoTableViewController.swift in Sources */ = {isa = PBXBuildFile; fileRef = 188C8AF62AB08067000FCB8A /* VideoTableViewController.swift */; };
		18A9CE6A2AB00E9300E6621C /* AppDelegate.swift in Sources */ = {isa = PBXBuildFile; fileRef = 18A9CE692AB00E9300E6621C /* AppDelegate.swift */; };
		18A9CE6C2AB00E9300E6621C /* SceneDelegate.swift in Sources */ = {isa = PBXBuildFile; fileRef = 18A9CE6B2AB00E9300E6621C /* SceneDelegate.swift */; };
		18A9CE6E2AB00E9300E6621C /* ViewController.swift in Sources */ = {isa = PBXBuildFile; fileRef = 18A9CE6D2AB00E9300E6621C /* ViewController.swift */; };
		18A9CE712AB00E9300E6621C /* Main.storyboard in Resources */ = {isa = PBXBuildFile; fileRef = 18A9CE6F2AB00E9300E6621C /* Main.storyboard */; };
		18A9CE762AB00E9600E6621C /* LaunchScreen.storyboard in Resources */ = {isa = PBXBuildFile; fileRef = 18A9CE742AB00E9600E6621C /* LaunchScreen.storyboard */; };
		18A9CE822AB00FF500E6621C /* speech_20230911072657018.mp3 in Resources */ = {isa = PBXBuildFile; fileRef = 18A9CE812AB00FF500E6621C /* speech_20230911072657018.mp3 */; };
		18A9CE882AB018C000E6621C /* 銀河鉄道の夜午後の授業.mp3 in Resources */ = {isa = PBXBuildFile; fileRef = 18A9CE872AB018C000E6621C /* 銀河鉄道の夜午後の授業.mp3 */; };
		18A9CE8A2AB018CD00E6621C /* 銀河鉄道の夜Opening.mp3 in Resources */ = {isa = PBXBuildFile; fileRef = 18A9CE892AB018CD00E6621C /* 銀河鉄道の夜Opening.mp3 */; };
		18A9CE8C2AB04A7900E6621C /* Assets.xcassets in Resources */ = {isa = PBXBuildFile; fileRef = 18A9CE8B2AB04A7900E6621C /* Assets.xcassets */; };
		18A9CE8E2AB04AFF00E6621C /* TextViewPageController.swift in Sources */ = {isa = PBXBuildFile; fileRef = 18A9CE8D2AB04AFF00E6621C /* TextViewPageController.swift */; };
/* End PBXBuildFile section */

/* Begin PBXFileReference section */
		181E3AAE2AB2AD7900BA9B57 /* 午後の授業１.mp3 */ = {isa = PBXFileReference; lastKnownFileType = audio.mp3; path = "午後の授業１.mp3"; sourceTree = "<group>"; };
		181E3AB22AB2C67000BA9B57 /* 銀河鉄道の夜-優雅.mp3 */ = {isa = PBXFileReference; lastKnownFileType = audio.mp3; path = "銀河鉄道の夜-優雅.mp3"; sourceTree = "<group>"; };
		181E3AB62AB2C8A700BA9B57 /* 銀河鉄道の夜 タイトル読み上げ.mp4 */ = {isa = PBXFileReference; lastKnownFileType = file; path = "銀河鉄道の夜 タイトル読み上げ.mp4"; sourceTree = "<group>"; };
		188C8AF62AB08067000FCB8A /* VideoTableViewController.swift */ = {isa = PBXFileReference; lastKnownFileType = sourcecode.swift; path = VideoTableViewController.swift; sourceTree = "<group>"; };
		18A9CE662AB00E9300E6621C /* Storytelling App Restart.app */ = {isa = PBXFileReference; explicitFileType = wrapper.application; includeInIndex = 0; path = "Storytelling App Restart.app"; sourceTree = BUILT_PRODUCTS_DIR; };
		18A9CE692AB00E9300E6621C /* AppDelegate.swift */ = {isa = PBXFileReference; lastKnownFileType = sourcecode.swift; path = AppDelegate.swift; sourceTree = "<group>"; };
		18A9CE6B2AB00E9300E6621C /* SceneDelegate.swift */ = {isa = PBXFileReference; lastKnownFileType = sourcecode.swift; path = SceneDelegate.swift; sourceTree = "<group>"; };
		18A9CE6D2AB00E9300E6621C /* ViewController.swift */ = {isa = PBXFileReference; lastKnownFileType = sourcecode.swift; path = ViewController.swift; sourceTree = "<group>"; };
		18A9CE702AB00E9300E6621C /* Base */ = {isa = PBXFileReference; lastKnownFileType = file.storyboard; name = Base; path = Base.lproj/Main.storyboard; sourceTree = "<group>"; };
		18A9CE752AB00E9600E6621C /* Base */ = {isa = PBXFileReference; lastKnownFileType = file.storyboard; name = Base; path = Base.lproj/LaunchScreen.storyboard; sourceTree = "<group>"; };
		18A9CE772AB00E9600E6621C /* Info.plist */ = {isa = PBXFileReference; lastKnownFileType = text.plist.xml; path = Info.plist; sourceTree = "<group>"; };
		18A9CE812AB00FF500E6621C /* speech_20230911072657018.mp3 */ = {isa = PBXFileReference; lastKnownFileType = audio.mp3; path = speech_20230911072657018.mp3; sourceTree = "<group>"; };
		18A9CE872AB018C000E6621C /* 銀河鉄道の夜午後の授業.mp3 */ = {isa = PBXFileReference; lastKnownFileType = audio.mp3; path = "銀河鉄道の夜午後の授業.mp3"; sourceTree = "<group>"; };
		18A9CE892AB018CD00E6621C /* 銀河鉄道の夜Opening.mp3 */ = {isa = PBXFileReference; lastKnownFileType = audio.mp3; path = "銀河鉄道の夜Opening.mp3"; sourceTree = "<group>"; };
		18A9CE8B2AB04A7900E6621C /* Assets.xcassets */ = {isa = PBXFileReference; lastKnownFileType = folder.assetcatalog; path = Assets.xcassets; sourceTree = "<group>"; };
		18A9CE8D2AB04AFF00E6621C /* TextViewPageController.swift */ = {isa = PBXFileReference; lastKnownFileType = sourcecode.swift; path = TextViewPageController.swift; sourceTree = "<group>"; };
/* End PBXFileReference section */

/* Begin PBXFrameworksBuildPhase section */
		18A9CE632AB00E9300E6621C /* Frameworks */ = {
			isa = PBXFrameworksBuildPhase;
			buildActionMask = 2147483647;
			files = (
			);
			runOnlyForDeploymentPostprocessing = 0;
		};
/* End PBXFrameworksBuildPhase section */

/* Begin PBXGroup section */
		18A9CE5D2AB00E9300E6621C = {
			isa = PBXGroup;
			children = (
				18A9CE812AB00FF500E6621C /* speech_20230911072657018.mp3 */,
				18A9CE872AB018C000E6621C /* 銀河鉄道の夜午後の授業.mp3 */,
				181E3AAE2AB2AD7900BA9B57 /* 午後の授業１.mp3 */,
				18A9CE892AB018CD00E6621C /* 銀河鉄道の夜Opening.mp3 */,
				181E3AB22AB2C67000BA9B57 /* 銀河鉄道の夜-優雅.mp3 */,
				18A9CE682AB00E9300E6621C /* Storytelling App Restart */,
				18A9CE672AB00E9300E6621C /* Products */,
			);
			sourceTree = "<group>";
		};
		18A9CE672AB00E9300E6621C /* Products */ = {
			isa = PBXGroup;
			children = (
				18A9CE662AB00E9300E6621C /* Storytelling App Restart.app */,
			);
			name = Products;
			sourceTree = "<group>";
		};
		18A9CE682AB00E9300E6621C /* Storytelling App Restart */ = {
			isa = PBXGroup;
			children = (
				18A9CE692AB00E9300E6621C /* AppDelegate.swift */,
				18A9CE6B2AB00E9300E6621C /* SceneDelegate.swift */,
				18A9CE6D2AB00E9300E6621C /* ViewController.swift */,
				18A9CE8D2AB04AFF00E6621C /* TextViewPageController.swift */,
				188C8AF62AB08067000FCB8A /* VideoTableViewController.swift */,
				18A9CE6F2AB00E9300E6621C /* Main.storyboard */,
				18A9CE742AB00E9600E6621C /* LaunchScreen.storyboard */,
				18A9CE772AB00E9600E6621C /* Info.plist */,
				18A9CE8B2AB04A7900E6621C /* Assets.xcassets */,
				181E3AB62AB2C8A700BA9B57 /* 銀河鉄道の夜 タイトル読み上げ.mp4 */,
			);
			path = "Storytelling App Restart";
			sourceTree = "<group>";
		};
/* End PBXGroup section */

/* Begin PBXNativeTarget section */
		18A9CE652AB00E9300E6621C /* Storytelling App Restart */ = {
			isa = PBXNativeTarget;
			buildConfigurationList = 18A9CE7A2AB00E9600E6621C /* Build configuration list for PBXNativeTarget "Storytelling App Restart" */;
			buildPhases = (
				18A9CE622AB00E9300E6621C /* Sources */,
				18A9CE632AB00E9300E6621C /* Frameworks */,
				18A9CE642AB00E9300E6621C /* Resources */,
			);
			buildRules = (
			);
			dependencies = (
			);
			name = "Storytelling App Restart";
			productName = "Storytelling App Restart";
			productReference = 18A9CE662AB00E9300E6621C /* Storytelling App Restart.app */;
			productType = "com.apple.product-type.application";
		};
/* End PBXNativeTarget section */

/* Begin PBXProject section */
		18A9CE5E2AB00E9300E6621C /* Project object */ = {
			isa = PBXProject;
			attributes = {
				BuildIndependentTargetsInParallel = 1;
				LastSwiftUpdateCheck = 1430;
				LastUpgradeCheck = 1430;
				TargetAttributes = {
					18A9CE652AB00E9300E6621C = {
						CreatedOnToolsVersion = 14.3.1;
					};
				};
			};
			buildConfigurationList = 18A9CE612AB00E9300E6621C /* Build configuration list for PBXProject "Storytelling App Restart" */;
			compatibilityVersion = "Xcode 14.0";
			developmentRegion = en;
			hasScannedForEncodings = 0;
			knownRegions = (
				en,
				Base,
			);
			mainGroup = 18A9CE5D2AB00E9300E6621C;
			productRefGroup = 18A9CE672AB00E9300E6621C /* Products */;
			projectDirPath = "";
			projectRoot = "";
			targets = (
				18A9CE652AB00E9300E6621C /* Storytelling App Restart */,
			);
		};
/* End PBXProject section */

/* Begin PBXResourcesBuildPhase section */
		18A9CE642AB00E9300E6621C /* Resources */ = {
			isa = PBXResourcesBuildPhase;
			buildActionMask = 2147483647;
			files = (
				181E3AAF2AB2AD7900BA9B57 /* 午後の授業１.mp3 in Resources */,
				18A9CE882AB018C000E6621C /* 銀河鉄道の夜午後の授業.mp3 in Resources */,
				18A9CE762AB00E9600E6621C /* LaunchScreen.storyboard in Resources */,
				181E3AB72AB2C8A800BA9B57 /* 銀河鉄道の夜 タイトル読み上げ.mp4 in Resources */,
				18A9CE712AB00E9300E6621C /* Main.storyboard in Resources */,
				18A9CE822AB00FF500E6621C /* speech_20230911072657018.mp3 in Resources */,
				181E3AB32AB2C67000BA9B57 /* 銀河鉄道の夜-優雅.mp3 in Resources */,
				18A9CE8C2AB04A7900E6621C /* Assets.xcassets in Resources */,
				18A9CE8A2AB018CD00E6621C /* 銀河鉄道の夜Opening.mp3 in Resources */,
			);
			runOnlyForDeploymentPostprocessing = 0;
		};
/* End PBXResourcesBuildPhase section */

/* Begin PBXSourcesBuildPhase section */
		18A9CE622AB00E9300E6621C /* Sources */ = {
			isa = PBXSourcesBuildPhase;
			buildActionMask = 2147483647;
			files = (
				18A9CE8E2AB04AFF00E6621C /* TextViewPageController.swift in Sources */,
				18A9CE6E2AB00E9300E6621C /* ViewController.swift in Sources */,
				18A9CE6A2AB00E9300E6621C /* AppDelegate.swift in Sources */,
				188C8AF72AB08067000FCB8A /* VideoTableViewController.swift in Sources */,
				18A9CE6C2AB00E9300E6621C /* SceneDelegate.swift in Sources */,
			);
			runOnlyForDeploymentPostprocessing = 0;
		};
/* End PBXSourcesBuildPhase section */

/* Begin PBXVariantGroup section */
		18A9CE6F2AB00E9300E6621C /* Main.storyboard */ = {
			isa = PBXVariantGroup;
			children = (
				18A9CE702AB00E9300E6621C /* Base */,
			);
			name = Main.storyboard;
			sourceTree = "<group>";
		};
		18A9CE742AB00E9600E6621C /* LaunchScreen.storyboard */ = {
			isa = PBXVariantGroup;
			children = (
				18A9CE752AB00E9600E6621C /* Base */,
			);
			name = LaunchScreen.storyboard;
			sourceTree = "<group>";
		};
/* End PBXVariantGroup section */

/* Begin XCBuildConfiguration section */
		18A9CE782AB00E9600E6621C /* Debug */ = {
			isa = XCBuildConfiguration;
			buildSettings = {
				ALWAYS_SEARCH_USER_PATHS = NO;
				CLANG_ANALYZER_NONNULL = YES;
				CLANG_ANALYZER_NUMBER_OBJECT_CONVERSION = YES_AGGRESSIVE;
				CLANG_CXX_LANGUAGE_STANDARD = "gnu++20";
				CLANG_ENABLE_MODULES = YES;
				CLANG_ENABLE_OBJC_ARC = YES;
				CLANG_ENABLE_OBJC_WEAK = YES;
				CLANG_WARN_BLOCK_CAPTURE_AUTORELEASING = YES;
				CLANG_WARN_BOOL_CONVERSION = YES;
				CLANG_WARN_COMMA = YES;
				CLANG_WARN_CONSTANT_CONVERSION = YES;
				CLANG_WARN_DEPRECATED_OBJC_IMPLEMENTATIONS = YES;
				CLANG_WARN_DIRECT_OBJC_ISA_USAGE = YES_ERROR;
				CLANG_WARN_DOCUMENTATION_COMMENTS = YES;
				CLANG_WARN_EMPTY_BODY = YES;
				CLANG_WARN_ENUM_CONVERSION = YES;
				CLANG_WARN_INFINITE_RECURSION = YES;
				CLANG_WARN_INT_CONVERSION = YES;
				CLANG_WARN_NON_LITERAL_NULL_CONVERSION = YES;
				CLANG_WARN_OBJC_IMPLICIT_RETAIN_SELF = YES;
				CLANG_WARN_OBJC_LITERAL_CONVERSION = YES;
				CLANG_WARN_OBJC_ROOT_CLASS = YES_ERROR;
				CLANG_WARN_QUOTED_INCLUDE_IN_FRAMEWORK_HEADER = YES;
				CLANG_WARN_RANGE_LOOP_ANALYSIS = YES;
				CLANG_WARN_STRICT_PROTOTYPES = YES;
				CLANG_WARN_SUSPICIOUS_MOVE = YES;
				CLANG_WARN_UNGUARDED_AVAILABILITY = YES_AGGRESSIVE;
				CLANG_WARN_UNREACHABLE_CODE = YES;
				CLANG_WARN__DUPLICATE_METHOD_MATCH = YES;
				COPY_PHASE_STRIP = NO;
				DEBUG_INFORMATION_FORMAT = dwarf;
				ENABLE_STRICT_OBJC_MSGSEND = YES;
				ENABLE_TESTABILITY = YES;
				GCC_C_LANGUAGE_STANDARD = gnu11;
				GCC_DYNAMIC_NO_PIC = NO;
				GCC_NO_COMMON_BLOCKS = YES;
				GCC_OPTIMIZATION_LEVEL = 0;
				GCC_PREPROCESSOR_DEFINITIONS = (
					"DEBUG=1",
					"$(inherited)",
				);
				GCC_WARN_64_TO_32_BIT_CONVERSION = YES;
				GCC_WARN_ABOUT_RETURN_TYPE = YES_ERROR;
				GCC_WARN_UNDECLARED_SELECTOR = YES;
				GCC_WARN_UNINITIALIZED_AUTOS = YES_AGGRESSIVE;
				GCC_WARN_UNUSED_FUNCTION = YES;
				GCC_WARN_UNUSED_VARIABLE = YES;
				IPHONEOS_DEPLOYMENT_TARGET = 16.4;
				MTL_ENABLE_DEBUG_INFO = INCLUDE_SOURCE;
				MTL_FAST_MATH = YES;
				ONLY_ACTIVE_ARCH = YES;
				SDKROOT = iphoneos;
				SWIFT_ACTIVE_COMPILATION_CONDITIONS = DEBUG;
				SWIFT_OPTIMIZATION_LEVEL = "-Onone";
			};
			name = Debug;
		};
		18A9CE792AB00E9600E6621C /* Release */ = {
			isa = XCBuildConfiguration;
			buildSettings = {
				ALWAYS_SEARCH_USER_PATHS = NO;
				CLANG_ANALYZER_NONNULL = YES;
				CLANG_ANALYZER_NUMBER_OBJECT_CONVERSION = YES_AGGRESSIVE;
				CLANG_CXX_LANGUAGE_STANDARD = "gnu++20";
				CLANG_ENABLE_MODULES = YES;
				CLANG_ENABLE_OBJC_ARC = YES;
				CLANG_ENABLE_OBJC_WEAK = YES;
				CLANG_WARN_BLOCK_CAPTURE_AUTORELEASING = YES;
				CLANG_WARN_BOOL_CONVERSION = YES;
				CLANG_WARN_COMMA = YES;
				CLANG_WARN_CONSTANT_CONVERSION = YES;
				CLANG_WARN_DEPRECATED_OBJC_IMPLEMENTATIONS = YES;
				CLANG_WARN_DIRECT_OBJC_ISA_USAGE = YES_ERROR;
				CLANG_WARN_DOCUMENTATION_COMMENTS = YES;
				CLANG_WARN_EMPTY_BODY = YES;
				CLANG_WARN_ENUM_CONVERSION = YES;
				CLANG_WARN_INFINITE_RECURSION = YES;
				CLANG_WARN_INT_CONVERSION = YES;
				CLANG_WARN_NON_LITERAL_NULL_CONVERSION = YES;
				CLANG_WARN_OBJC_IMPLICIT_RETAIN_SELF = YES;
				CLANG_WARN_OBJC_LITERAL_CONVERSION = YES;
				CLANG_WARN_OBJC_ROOT_CLASS = YES_ERROR;
				CLANG_WARN_QUOTED_INCLUDE_IN_FRAMEWORK_HEADER = YES;
				CLANG_WARN_RANGE_LOOP_ANALYSIS = YES;
				CLANG_WARN_STRICT_PROTOTYPES = YES;
				CLANG_WARN_SUSPICIOUS_MOVE = YES;
				CLANG_WARN_UNGUARDED_AVAILABILITY = YES_AGGRESSIVE;
				CLANG_WARN_UNREACHABLE_CODE = YES;
				CLANG_WARN__DUPLICATE_METHOD_MATCH = YES;
				COPY_PHASE_STRIP = NO;
				DEBUG_INFORMATION_FORMAT = "dwarf-with-dsym";
				ENABLE_NS_ASSERTIONS = NO;
				ENABLE_STRICT_OBJC_MSGSEND = YES;
				GCC_C_LANGUAGE_STANDARD = gnu11;
				GCC_NO_COMMON_BLOCKS = YES;
				GCC_WARN_64_TO_32_BIT_CONVERSION = YES;
				GCC_WARN_ABOUT_RETURN_TYPE = YES_ERROR;
				GCC_WARN_UNDECLARED_SELECTOR = YES;
				GCC_WARN_UNINITIALIZED_AUTOS = YES_AGGRESSIVE;
				GCC_WARN_UNUSED_FUNCTION = YES;
				GCC_WARN_UNUSED_VARIABLE = YES;
				IPHONEOS_DEPLOYMENT_TARGET = 16.4;
				MTL_ENABLE_DEBUG_INFO = NO;
				MTL_FAST_MATH = YES;
				SDKROOT = iphoneos;
				SWIFT_COMPILATION_MODE = wholemodule;
				SWIFT_OPTIMIZATION_LEVEL = "-O";
				VALIDATE_PRODUCT = YES;
			};
			name = Release;
		};
		18A9CE7B2AB00E9600E6621C /* Debug */ = {
			isa = XCBuildConfiguration;
			buildSettings = {
				ASSETCATALOG_COMPILER_APPICON_NAME = AppIcon;
				ASSETCATALOG_COMPILER_GLOBAL_ACCENT_COLOR_NAME = AccentColor;
				CODE_SIGN_STYLE = Automatic;
				CURRENT_PROJECT_VERSION = 1;
				DEVELOPMENT_TEAM = CQ2K423KXJ;
				GENERATE_INFOPLIST_FILE = YES;
				INFOPLIST_FILE = "Storytelling App Restart/Info.plist";
				INFOPLIST_KEY_UIApplicationSupportsIndirectInputEvents = YES;
				INFOPLIST_KEY_UILaunchStoryboardName = LaunchScreen;
				INFOPLIST_KEY_UIMainStoryboardFile = Main;
				INFOPLIST_KEY_UISupportedInterfaceOrientations = "UIInterfaceOrientationLandscapeLeft UIInterfaceOrientationLandscapeRight UIInterfaceOrientationPortrait";
				INFOPLIST_KEY_UISupportedInterfaceOrientations_iPad = "UIInterfaceOrientationLandscapeRight UIInterfaceOrientationPortraitUpsideDown";
				LD_RUNPATH_SEARCH_PATHS = (
					"$(inherited)",
					"@executable_path/Frameworks",
				);
				MARKETING_VERSION = 1.0;
				PRODUCT_BUNDLE_IDENTIFIER = "com.atelierdelys.Storytelling-App-Restart";
				PRODUCT_NAME = "$(TARGET_NAME)";
				SWIFT_EMIT_LOC_STRINGS = YES;
				SWIFT_VERSION = 5.0;
				TARGETED_DEVICE_FAMILY = "1,2";
			};
			name = Debug;
		};
		18A9CE7C2AB00E9600E6621C /* Release */ = {
			isa = XCBuildConfiguration;
			buildSettings = {
				ASSETCATALOG_COMPILER_APPICON_NAME = AppIcon;
				ASSETCATALOG_COMPILER_GLOBAL_ACCENT_COLOR_NAME = AccentColor;
				CODE_SIGN_STYLE = Automatic;
				CURRENT_PROJECT_VERSION = 1;
				DEVELOPMENT_TEAM = CQ2K423KXJ;
				GENERATE_INFOPLIST_FILE = YES;
				INFOPLIST_FILE = "Storytelling App Restart/Info.plist";
				INFOPLIST_KEY_UIApplicationSupportsIndirectInputEvents = YES;
				INFOPLIST_KEY_UILaunchStoryboardName = LaunchScreen;
				INFOPLIST_KEY_UIMainStoryboardFile = Main;
				INFOPLIST_KEY_UISupportedInterfaceOrientations = "UIInterfaceOrientationLandscapeLeft UIInterfaceOrientationLandscapeRight UIInterfaceOrientationPortrait";
				INFOPLIST_KEY_UISupportedInterfaceOrientations_iPad = "UIInterfaceOrientationLandscapeRight UIInterfaceOrientationPortraitUpsideDown";
				LD_RUNPATH_SEARCH_PATHS = (
					"$(inherited)",
					"@executable_path/Frameworks",
				);
				MARKETING_VERSION = 1.0;
				PRODUCT_BUNDLE_IDENTIFIER = "com.atelierdelys.Storytelling-App-Restart";
				PRODUCT_NAME = "$(TARGET_NAME)";
				SWIFT_EMIT_LOC_STRINGS = YES;
				SWIFT_VERSION = 5.0;
				TARGETED_DEVICE_FAMILY = "1,2";
			};
			name = Release;
		};
/* End XCBuildConfiguration section */

/* Begin XCConfigurationList section */
		18A9CE612AB00E9300E6621C /* Build configuration list for PBXProject "Storytelling App Restart" */ = {
			isa = XCConfigurationList;
			buildConfigurations = (
				18A9CE782AB00E9600E6621C /* Debug */,
				18A9CE792AB00E9600E6621C /* Release */,
			);
			defaultConfigurationIsVisible = 0;
			defaultConfigurationName = Release;
		};
		18A9CE7A2AB00E9600E6621C /* Build configuration list for PBXNativeTarget "Storytelling App Restart" */ = {
			isa = XCConfigurationList;
			buildConfigurations = (
				18A9CE7B2AB00E9600E6621C /* Debug */,
				18A9CE7C2AB00E9600E6621C /* Release */,
			);
			defaultConfigurationIsVisible = 0;
			defaultConfigurationName = Release;
		};
/* End XCConfigurationList section */
	};
	rootObject = 18A9CE5E2AB00E9300E6621C /* Project object */;
}
